
Microsoft Visual Studio Solution File, Format Version 12.00
# Visual Studio Version 17
VisualStudioVersion = 17.14.36623.8 d17.14
MinimumVisualStudioVersion = 10.0.40219.1
Project("{FAE04EC0-301F-11D3-BF4B-00C04F79EFBC}") = "esercizi_classe_array", "esercizi_classe_array\esercizi_classe_array.csproj", "{82DBD84D-AA95-47C9-BE0B-0098B79B4958}"
EndProject
Global
	GlobalSection(SolutionConfigurationPlatforms) = preSolution
		Debug|Any CPU = Debug|Any CPU
		Release|Any CPU = Release|Any CPU
	EndGlobalSection
	GlobalSection(ProjectConfigurationPlatforms) = postSolution
		{82DBD84D-AA95-47C9-BE0B-0098B79B4958}.Debug|Any CPU.ActiveCfg = Debug|Any CPU
		{82DBD84D-AA95-47C9-BE0B-0098B79B4958}.Debug|Any CPU.Build.0 = Debug|Any CPU
		{82DBD84D-AA95-47C9-BE0B-0098B79B4958}.Release|Any CPU.ActiveCfg = Release|Any CPU
		{82DBD84D-AA95-47C9-BE0B-0098B79B4958}.Release|Any CPU.Build.0 = Release|Any CPU
	EndGlobalSection
	GlobalSection(SolutionProperties) = preSolution
		HideSolutionNode = FALSE
	EndGlobalSection
	GlobalSection(ExtensibilityGlobals) = postSolution
		SolutionGuid = {627DD161-D4AF-441E-A9F3-3B6EE895F9D8}
	EndGlobalSection
EndGlobal
